
Microsoft Visual Studio Solution File, Format Version 12.00
# Visual Studio Version 16
VisualStudioVersion = 16.0.31025.194
MinimumVisualStudioVersion = 10.0.40219.1
Project("{FAE04EC0-301F-11D3-BF4B-00C04F79EFBC}") = "Clase 5.2", "Clase 5.2.csproj", "{4D676B3C-B02A-4C3C-8DD9-6EA56DBAF97A}"
EndProject
Global
	GlobalSection(SolutionConfigurationPlatforms) = preSolution
		Debug|Any CPU = Debug|Any CPU
		Release|Any CPU = Release|Any CPU
	EndGlobalSection
	GlobalSection(ProjectConfigurationPlatforms) = postSolution
		{4D676B3C-B02A-4C3C-8DD9-6EA56DBAF97A}.Debug|Any CPU.ActiveCfg = Debug|Any CPU
		{4D676B3C-B02A-4C3C-8DD9-6EA56DBAF97A}.Debug|Any CPU.Build.0 = Debug|Any CPU
		{4D676B3C-B02A-4C3C-8DD9-6EA56DBAF97A}.Release|Any CPU.ActiveCfg = Release|Any CPU
		{4D676B3C-B02A-4C3C-8DD9-6EA56DBAF97A}.Release|Any CPU.Build.0 = Release|Any CPU
	EndGlobalSection
	GlobalSection(SolutionProperties) = preSolution
		HideSolutionNode = FALSE
	EndGlobalSection
	GlobalSection(ExtensibilityGlobals) = postSolution
		SolutionGuid = {8203C28E-A7AE-4F42-9BD7-07EAD6CCA268}
	EndGlobalSection
EndGlobal
